// !$*UTF8*$!
{
	archiveVersion = 1;
	classes = {
	};
	objectVersion = 56;
	objects = {

/* Begin PBXBuildFile section */
		042DCE112B5E6C1000E9D4E6 /* WeatherSwiftUIFinalApp.swift in Sources */ = {isa = PBXBuildFile; fileRef = 042DCE102B5E6C1000E9D4E6 /* WeatherSwiftUIFinalApp.swift */; };
		042DCE132B5E6C1000E9D4E6 /* ContentView.swift in Sources */ = {isa = PBXBuildFile; fileRef = 042DCE122B5E6C1000E9D4E6 /* ContentView.swift */; };
		042DCE152B5E6C1300E9D4E6 /* Assets.xcassets in Resources */ = {isa = PBXBuildFile; fileRef = 042DCE142B5E6C1300E9D4E6 /* Assets.xcassets */; };
		042DCE182B5E6C1300E9D4E6 /* Preview Assets.xcassets in Resources */ = {isa = PBXBuildFile; fileRef = 042DCE172B5E6C1300E9D4E6 /* Preview Assets.xcassets */; };
		042DCE212B5E7AEA00E9D4E6 /* WindowLoyautWind.swift in Sources */ = {isa = PBXBuildFile; fileRef = 042DCE202B5E7AEA00E9D4E6 /* WindowLoyautWind.swift */; };
		042DCE742B6103D100E9D4E6 /* WindowWindTest.swift in Sources */ = {isa = PBXBuildFile; fileRef = 042DCE732B6103D100E9D4E6 /* WindowWindTest.swift */; };
		04A62A592B61B59B007E52B8 /* WindowVisibility.swift in Sources */ = {isa = PBXBuildFile; fileRef = 04A62A582B61B59B007E52B8 /* WindowVisibility.swift */; };
		04A62A5B2B61B5D0007E52B8 /* WindowVisibilityHelp.rtf in Resources */ = {isa = PBXBuildFile; fileRef = 04A62A5A2B61B5D0007E52B8 /* WindowVisibilityHelp.rtf */; };
		04A62A5D2B61BA39007E52B8 /* VisibilityForLessiOs16.swift in Sources */ = {isa = PBXBuildFile; fileRef = 04A62A5C2B61BA38007E52B8 /* VisibilityForLessiOs16.swift */; };
		04B568E52B616F8800B3FD9A /* WindowWind.swift in Sources */ = {isa = PBXBuildFile; fileRef = 04B568E42B616F8800B3FD9A /* WindowWind.swift */; };
		04B568EC2B61858A00B3FD9A /* WindViewForLessiOs16.swift in Sources */ = {isa = PBXBuildFile; fileRef = 04B568EB2B61858A00B3FD9A /* WindViewForLessiOs16.swift */; };
		04DB4CA02B66D637006C85BF /* WindowHourlyForecast.swift in Sources */ = {isa = PBXBuildFile; fileRef = 04DB4C9F2B66D637006C85BF /* WindowHourlyForecast.swift */; };
		04DB4CA22B6708C9006C85BF /* WindowWeatherForHour.swift in Sources */ = {isa = PBXBuildFile; fileRef = 04DB4CA12B6708C9006C85BF /* WindowWeatherForHour.swift */; };
		04DB4CA42B67B03E006C85BF /* ScrolingForHour.swift in Sources */ = {isa = PBXBuildFile; fileRef = 04DB4CA32B67B03E006C85BF /* ScrolingForHour.swift */; };
		04DB4CA62B67B56F006C85BF /* ModelForHourWindow.swift in Sources */ = {isa = PBXBuildFile; fileRef = 04DB4CA52B67B56F006C85BF /* ModelForHourWindow.swift */; };
/* End PBXBuildFile section */

/* Begin PBXFileReference section */
		042DCE0D2B5E6C1000E9D4E6 /* WeatherSwiftUIFinal.app */ = {isa = PBXFileReference; explicitFileType = wrapper.application; includeInIndex = 0; path = WeatherSwiftUIFinal.app; sourceTree = BUILT_PRODUCTS_DIR; };
		042DCE102B5E6C1000E9D4E6 /* WeatherSwiftUIFinalApp.swift */ = {isa = PBXFileReference; lastKnownFileType = sourcecode.swift; path = WeatherSwiftUIFinalApp.swift; sourceTree = "<group>"; };
		042DCE122B5E6C1000E9D4E6 /* ContentView.swift */ = {isa = PBXFileReference; lastKnownFileType = sourcecode.swift; path = ContentView.swift; sourceTree = "<group>"; };
		042DCE142B5E6C1300E9D4E6 /* Assets.xcassets */ = {isa = PBXFileReference; lastKnownFileType = folder.assetcatalog; path = Assets.xcassets; sourceTree = "<group>"; };
		042DCE172B5E6C1300E9D4E6 /* Preview Assets.xcassets */ = {isa = PBXFileReference; lastKnownFileType = folder.assetcatalog; path = "Preview Assets.xcassets"; sourceTree = "<group>"; };
		042DCE202B5E7AEA00E9D4E6 /* WindowLoyautWind.swift */ = {isa = PBXFileReference; lastKnownFileType = sourcecode.swift; path = WindowLoyautWind.swift; sourceTree = "<group>"; };
		042DCE732B6103D100E9D4E6 /* WindowWindTest.swift */ = {isa = PBXFileReference; lastKnownFileType = sourcecode.swift; path = WindowWindTest.swift; sourceTree = "<group>"; };
		04A62A582B61B59B007E52B8 /* WindowVisibility.swift */ = {isa = PBXFileReference; lastKnownFileType = sourcecode.swift; path = WindowVisibility.swift; sourceTree = "<group>"; };
		04A62A5A2B61B5D0007E52B8 /* WindowVisibilityHelp.rtf */ = {isa = PBXFileReference; lastKnownFileType = text.rtf; path = WindowVisibilityHelp.rtf; sourceTree = "<group>"; };
		04A62A5C2B61BA38007E52B8 /* VisibilityForLessiOs16.swift */ = {isa = PBXFileReference; lastKnownFileType = sourcecode.swift; path = VisibilityForLessiOs16.swift; sourceTree = "<group>"; };
		04B568E42B616F8800B3FD9A /* WindowWind.swift */ = {isa = PBXFileReference; lastKnownFileType = sourcecode.swift; path = WindowWind.swift; sourceTree = "<group>"; };
		04B568E82B617EB200B3FD9A /* WindowWindHelp.rtfd */ = {isa = PBXFileReference; lastKnownFileType = wrapper.rtfd; path = WindowWindHelp.rtfd; sourceTree = "<group>"; };
		04B568EB2B61858A00B3FD9A /* WindViewForLessiOs16.swift */ = {isa = PBXFileReference; lastKnownFileType = sourcecode.swift; path = WindViewForLessiOs16.swift; sourceTree = "<group>"; };
		04DB4C9F2B66D637006C85BF /* WindowHourlyForecast.swift */ = {isa = PBXFileReference; lastKnownFileType = sourcecode.swift; path = WindowHourlyForecast.swift; sourceTree = "<group>"; };
		04DB4CA12B6708C9006C85BF /* WindowWeatherForHour.swift */ = {isa = PBXFileReference; lastKnownFileType = sourcecode.swift; path = WindowWeatherForHour.swift; sourceTree = "<group>"; };
		04DB4CA32B67B03E006C85BF /* ScrolingForHour.swift */ = {isa = PBXFileReference; lastKnownFileType = sourcecode.swift; path = ScrolingForHour.swift; sourceTree = "<group>"; };
		04DB4CA52B67B56F006C85BF /* ModelForHourWindow.swift */ = {isa = PBXFileReference; lastKnownFileType = sourcecode.swift; path = ModelForHourWindow.swift; sourceTree = "<group>"; };
/* End PBXFileReference section */

/* Begin PBXFrameworksBuildPhase section */
		042DCE0A2B5E6C1000E9D4E6 /* Frameworks */ = {
			isa = PBXFrameworksBuildPhase;
			buildActionMask = 2147483647;
			files = (
			);
			runOnlyForDeploymentPostprocessing = 0;
		};
/* End PBXFrameworksBuildPhase section */

/* Begin PBXGroup section */
		042DCE042B5E6C1000E9D4E6 = {
			isa = PBXGroup;
			children = (
				042DCE0F2B5E6C1000E9D4E6 /* WeatherSwiftUIFinal */,
				042DCE0E2B5E6C1000E9D4E6 /* Products */,
			);
			sourceTree = "<group>";
		};
		042DCE0E2B5E6C1000E9D4E6 /* Products */ = {
			isa = PBXGroup;
			children = (
				042DCE0D2B5E6C1000E9D4E6 /* WeatherSwiftUIFinal.app */,
			);
			name = Products;
			sourceTree = "<group>";
		};
		042DCE0F2B5E6C1000E9D4E6 /* WeatherSwiftUIFinal */ = {
			isa = PBXGroup;
			children = (
				04DB4C9E2B66D612006C85BF /* WindowHourlyForecast */,
				04A62A572B61B55F007E52B8 /* WindowVisibility */,
				04B568E32B616F1600B3FD9A /* WindowWind */,
				042DCE102B5E6C1000E9D4E6 /* WeatherSwiftUIFinalApp.swift */,
				042DCE122B5E6C1000E9D4E6 /* ContentView.swift */,
				042DCE142B5E6C1300E9D4E6 /* Assets.xcassets */,
				042DCE162B5E6C1300E9D4E6 /* Preview Content */,
				042DCE702B61016B00E9D4E6 /* Test */,
			);
			path = WeatherSwiftUIFinal;
			sourceTree = "<group>";
		};
		042DCE162B5E6C1300E9D4E6 /* Preview Content */ = {
			isa = PBXGroup;
			children = (
				042DCE172B5E6C1300E9D4E6 /* Preview Assets.xcassets */,
			);
			path = "Preview Content";
			sourceTree = "<group>";
		};
		042DCE1E2B5E7AA500E9D4E6 /* WindowLayaut */ = {
			isa = PBXGroup;
			children = (
				042DCE202B5E7AEA00E9D4E6 /* WindowLoyautWind.swift */,
				042DCE732B6103D100E9D4E6 /* WindowWindTest.swift */,
			);
			name = WindowLayaut;
			path = ..;
			sourceTree = "<group>";
		};
		042DCE702B61016B00E9D4E6 /* Test */ = {
			isa = PBXGroup;
			children = (
				042DCE1E2B5E7AA500E9D4E6 /* WindowLayaut */,
			);
			path = Test;
			sourceTree = "<group>";
		};
		04A62A572B61B55F007E52B8 /* WindowVisibility */ = {
			isa = PBXGroup;
			children = (
				04A62A582B61B59B007E52B8 /* WindowVisibility.swift */,
				04A62A5A2B61B5D0007E52B8 /* WindowVisibilityHelp.rtf */,
				04A62A5C2B61BA38007E52B8 /* VisibilityForLessiOs16.swift */,
			);
			path = WindowVisibility;
			sourceTree = "<group>";
		};
		04B568E32B616F1600B3FD9A /* WindowWind */ = {
			isa = PBXGroup;
			children = (
				04B568E82B617EB200B3FD9A /* WindowWindHelp.rtfd */,
				04B568E42B616F8800B3FD9A /* WindowWind.swift */,
				04B568EB2B61858A00B3FD9A /* WindViewForLessiOs16.swift */,
			);
			path = WindowWind;
			sourceTree = "<group>";
		};
		04DB4C9E2B66D612006C85BF /* WindowHourlyForecast */ = {
			isa = PBXGroup;
			children = (
				04DB4C9F2B66D637006C85BF /* WindowHourlyForecast.swift */,
				04DB4CA12B6708C9006C85BF /* WindowWeatherForHour.swift */,
				04DB4CA32B67B03E006C85BF /* ScrolingForHour.swift */,
				04DB4CA52B67B56F006C85BF /* ModelForHourWindow.swift */,
			);
			path = WindowHourlyForecast;
			sourceTree = "<group>";
		};
/* End PBXGroup section */

/* Begin PBXNativeTarget section */
		042DCE0C2B5E6C1000E9D4E6 /* WeatherSwiftUIFinal */ = {
			isa = PBXNativeTarget;
			buildConfigurationList = 042DCE1B2B5E6C1300E9D4E6 /* Build configuration list for PBXNativeTarget "WeatherSwiftUIFinal" */;
			buildPhases = (
				042DCE092B5E6C1000E9D4E6 /* Sources */,
				042DCE0A2B5E6C1000E9D4E6 /* Frameworks */,
				042DCE0B2B5E6C1000E9D4E6 /* Resources */,
			);
			buildRules = (
			);
			dependencies = (
			);
			name = WeatherSwiftUIFinal;
			productName = WeatherSwiftUIFinal;
			productReference = 042DCE0D2B5E6C1000E9D4E6 /* WeatherSwiftUIFinal.app */;
			productType = "com.apple.product-type.application";
		};
/* End PBXNativeTarget section */

/* Begin PBXProject section */
		042DCE052B5E6C1000E9D4E6 /* Project object */ = {
			isa = PBXProject;
			attributes = {
				BuildIndependentTargetsInParallel = 1;
				LastSwiftUpdateCheck = 1520;
				LastUpgradeCheck = 1520;
				TargetAttributes = {
					042DCE0C2B5E6C1000E9D4E6 = {
						CreatedOnToolsVersion = 15.2;
					};
				};
			};
			buildConfigurationList = 042DCE082B5E6C1000E9D4E6 /* Build configuration list for PBXProject "WeatherSwiftUIFinal" */;
			compatibilityVersion = "Xcode 14.0";
			developmentRegion = en;
			hasScannedForEncodings = 0;
			knownRegions = (
				en,
				Base,
			);
			mainGroup = 042DCE042B5E6C1000E9D4E6;
			productRefGroup = 042DCE0E2B5E6C1000E9D4E6 /* Products */;
			projectDirPath = "";
			projectRoot = "";
			targets = (
				042DCE0C2B5E6C1000E9D4E6 /* WeatherSwiftUIFinal */,
			);
		};
/* End PBXProject section */

/* Begin PBXResourcesBuildPhase section */
		042DCE0B2B5E6C1000E9D4E6 /* Resources */ = {
			isa = PBXResourcesBuildPhase;
			buildActionMask = 2147483647;
			files = (
				042DCE182B5E6C1300E9D4E6 /* Preview Assets.xcassets in Resources */,
				042DCE152B5E6C1300E9D4E6 /* Assets.xcassets in Resources */,
				04A62A5B2B61B5D0007E52B8 /* WindowVisibilityHelp.rtf in Resources */,
			);
			runOnlyForDeploymentPostprocessing = 0;
		};
/* End PBXResourcesBuildPhase section */

/* Begin PBXSourcesBuildPhase section */
		042DCE092B5E6C1000E9D4E6 /* Sources */ = {
			isa = PBXSourcesBuildPhase;
			buildActionMask = 2147483647;
			files = (
				042DCE212B5E7AEA00E9D4E6 /* WindowLoyautWind.swift in Sources */,
				04A62A592B61B59B007E52B8 /* WindowVisibility.swift in Sources */,
				04DB4CA62B67B56F006C85BF /* ModelForHourWindow.swift in Sources */,
				04DB4CA42B67B03E006C85BF /* ScrolingForHour.swift in Sources */,
				04A62A5D2B61BA39007E52B8 /* VisibilityForLessiOs16.swift in Sources */,
				04DB4CA22B6708C9006C85BF /* WindowWeatherForHour.swift in Sources */,
				042DCE132B5E6C1000E9D4E6 /* ContentView.swift in Sources */,
				04B568EC2B61858A00B3FD9A /* WindViewForLessiOs16.swift in Sources */,
				04DB4CA02B66D637006C85BF /* WindowHourlyForecast.swift in Sources */,
				04B568E52B616F8800B3FD9A /* WindowWind.swift in Sources */,
				042DCE742B6103D100E9D4E6 /* WindowWindTest.swift in Sources */,
				042DCE112B5E6C1000E9D4E6 /* WeatherSwiftUIFinalApp.swift in Sources */,
			);
			runOnlyForDeploymentPostprocessing = 0;
		};
/* End PBXSourcesBuildPhase section */

/* Begin XCBuildConfiguration section */
		042DCE192B5E6C1300E9D4E6 /* Debug */ = {
			isa = XCBuildConfiguration;
			buildSettings = {
				ALWAYS_SEARCH_USER_PATHS = NO;
				ASSETCATALOG_COMPILER_GENERATE_SWIFT_ASSET_SYMBOL_EXTENSIONS = YES;
				CLANG_ANALYZER_NONNULL = YES;
				CLANG_ANALYZER_NUMBER_OBJECT_CONVERSION = YES_AGGRESSIVE;
				CLANG_CXX_LANGUAGE_STANDARD = "gnu++20";
				CLANG_ENABLE_MODULES = YES;
				CLANG_ENABLE_OBJC_ARC = YES;
				CLANG_ENABLE_OBJC_WEAK = YES;
				CLANG_WARN_BLOCK_CAPTURE_AUTORELEASING = YES;
				CLANG_WARN_BOOL_CONVERSION = YES;
				CLANG_WARN_COMMA = YES;
				CLANG_WARN_CONSTANT_CONVERSION = YES;
				CLANG_WARN_DEPRECATED_OBJC_IMPLEMENTATIONS = YES;
				CLANG_WARN_DIRECT_OBJC_ISA_USAGE = YES_ERROR;
				CLANG_WARN_DOCUMENTATION_COMMENTS = YES;
				CLANG_WARN_EMPTY_BODY = YES;
				CLANG_WARN_ENUM_CONVERSION = YES;
				CLANG_WARN_INFINITE_RECURSION = YES;
				CLANG_WARN_INT_CONVERSION = YES;
				CLANG_WARN_NON_LITERAL_NULL_CONVERSION = YES;
				CLANG_WARN_OBJC_IMPLICIT_RETAIN_SELF = YES;
				CLANG_WARN_OBJC_LITERAL_CONVERSION = YES;
				CLANG_WARN_OBJC_ROOT_CLASS = YES_ERROR;
				CLANG_WARN_QUOTED_INCLUDE_IN_FRAMEWORK_HEADER = YES;
				CLANG_WARN_RANGE_LOOP_ANALYSIS = YES;
				CLANG_WARN_STRICT_PROTOTYPES = YES;
				CLANG_WARN_SUSPICIOUS_MOVE = YES;
				CLANG_WARN_UNGUARDED_AVAILABILITY = YES_AGGRESSIVE;
				CLANG_WARN_UNREACHABLE_CODE = YES;
				CLANG_WARN__DUPLICATE_METHOD_MATCH = YES;
				COPY_PHASE_STRIP = NO;
				DEBUG_INFORMATION_FORMAT = dwarf;
				ENABLE_STRICT_OBJC_MSGSEND = YES;
				ENABLE_TESTABILITY = YES;
				ENABLE_USER_SCRIPT_SANDBOXING = YES;
				GCC_C_LANGUAGE_STANDARD = gnu17;
				GCC_DYNAMIC_NO_PIC = NO;
				GCC_NO_COMMON_BLOCKS = YES;
				GCC_OPTIMIZATION_LEVEL = 0;
				GCC_PREPROCESSOR_DEFINITIONS = (
					"DEBUG=1",
					"$(inherited)",
				);
				GCC_WARN_64_TO_32_BIT_CONVERSION = YES;
				GCC_WARN_ABOUT_RETURN_TYPE = YES_ERROR;
				GCC_WARN_UNDECLARED_SELECTOR = YES;
				GCC_WARN_UNINITIALIZED_AUTOS = YES_AGGRESSIVE;
				GCC_WARN_UNUSED_FUNCTION = YES;
				GCC_WARN_UNUSED_VARIABLE = YES;
				IPHONEOS_DEPLOYMENT_TARGET = 15.4;
				LOCALIZATION_PREFERS_STRING_CATALOGS = YES;
				MTL_ENABLE_DEBUG_INFO = INCLUDE_SOURCE;
				MTL_FAST_MATH = YES;
				ONLY_ACTIVE_ARCH = YES;
				SDKROOT = iphoneos;
				SWIFT_ACTIVE_COMPILATION_CONDITIONS = "DEBUG $(inherited)";
				SWIFT_OPTIMIZATION_LEVEL = "-Onone";
			};
			name = Debug;
		};
		042DCE1A2B5E6C1300E9D4E6 /* Release */ = {
			isa = XCBuildConfiguration;
			buildSettings = {
				ALWAYS_SEARCH_USER_PATHS = NO;
				ASSETCATALOG_COMPILER_GENERATE_SWIFT_ASSET_SYMBOL_EXTENSIONS = YES;
				CLANG_ANALYZER_NONNULL = YES;
				CLANG_ANALYZER_NUMBER_OBJECT_CONVERSION = YES_AGGRESSIVE;
				CLANG_CXX_LANGUAGE_STANDARD = "gnu++20";
				CLANG_ENABLE_MODULES = YES;
				CLANG_ENABLE_OBJC_ARC = YES;
				CLANG_ENABLE_OBJC_WEAK = YES;
				CLANG_WARN_BLOCK_CAPTURE_AUTORELEASING = YES;
				CLANG_WARN_BOOL_CONVERSION = YES;
				CLANG_WARN_COMMA = YES;
				CLANG_WARN_CONSTANT_CONVERSION = YES;
				CLANG_WARN_DEPRECATED_OBJC_IMPLEMENTATIONS = YES;
				CLANG_WARN_DIRECT_OBJC_ISA_USAGE = YES_ERROR;
				CLANG_WARN_DOCUMENTATION_COMMENTS = YES;
				CLANG_WARN_EMPTY_BODY = YES;
				CLANG_WARN_ENUM_CONVERSION = YES;
				CLANG_WARN_INFINITE_RECURSION = YES;
				CLANG_WARN_INT_CONVERSION = YES;
				CLANG_WARN_NON_LITERAL_NULL_CONVERSION = YES;
				CLANG_WARN_OBJC_IMPLICIT_RETAIN_SELF = YES;
				CLANG_WARN_OBJC_LITERAL_CONVERSION = YES;
				CLANG_WARN_OBJC_ROOT_CLASS = YES_ERROR;
				CLANG_WARN_QUOTED_INCLUDE_IN_FRAMEWORK_HEADER = YES;
				CLANG_WARN_RANGE_LOOP_ANALYSIS = YES;
				CLANG_WARN_STRICT_PROTOTYPES = YES;
				CLANG_WARN_SUSPICIOUS_MOVE = YES;
				CLANG_WARN_UNGUARDED_AVAILABILITY = YES_AGGRESSIVE;
				CLANG_WARN_UNREACHABLE_CODE = YES;
				CLANG_WARN__DUPLICATE_METHOD_MATCH = YES;
				COPY_PHASE_STRIP = NO;
				DEBUG_INFORMATION_FORMAT = "dwarf-with-dsym";
				ENABLE_NS_ASSERTIONS = NO;
				ENABLE_STRICT_OBJC_MSGSEND = YES;
				ENABLE_USER_SCRIPT_SANDBOXING = YES;
				GCC_C_LANGUAGE_STANDARD = gnu17;
				GCC_NO_COMMON_BLOCKS = YES;
				GCC_WARN_64_TO_32_BIT_CONVERSION = YES;
				GCC_WARN_ABOUT_RETURN_TYPE = YES_ERROR;
				GCC_WARN_UNDECLARED_SELECTOR = YES;
				GCC_WARN_UNINITIALIZED_AUTOS = YES_AGGRESSIVE;
				GCC_WARN_UNUSED_FUNCTION = YES;
				GCC_WARN_UNUSED_VARIABLE = YES;
				IPHONEOS_DEPLOYMENT_TARGET = 15.4;
				LOCALIZATION_PREFERS_STRING_CATALOGS = YES;
				MTL_ENABLE_DEBUG_INFO = NO;
				MTL_FAST_MATH = YES;
				SDKROOT = iphoneos;
				SWIFT_COMPILATION_MODE = wholemodule;
				VALIDATE_PRODUCT = YES;
			};
			name = Release;
		};
		042DCE1C2B5E6C1300E9D4E6 /* Debug */ = {
			isa = XCBuildConfiguration;
			buildSettings = {
				ASSETCATALOG_COMPILER_APPICON_NAME = AppIcon;
				ASSETCATALOG_COMPILER_GLOBAL_ACCENT_COLOR_NAME = AccentColor;
				CODE_SIGN_STYLE = Automatic;
				CURRENT_PROJECT_VERSION = 1;
				DEVELOPMENT_ASSET_PATHS = "\"WeatherSwiftUIFinal/Preview Content\"";
				DEVELOPMENT_TEAM = JRDBP78BQJ;
				ENABLE_PREVIEWS = YES;
				GENERATE_INFOPLIST_FILE = YES;
				INFOPLIST_KEY_UIApplicationSceneManifest_Generation = YES;
				INFOPLIST_KEY_UIApplicationSupportsIndirectInputEvents = YES;
				INFOPLIST_KEY_UILaunchScreen_Generation = YES;
				INFOPLIST_KEY_UISupportedInterfaceOrientations_iPad = "UIInterfaceOrientationPortrait UIInterfaceOrientationPortraitUpsideDown UIInterfaceOrientationLandscapeLeft UIInterfaceOrientationLandscapeRight";
				INFOPLIST_KEY_UISupportedInterfaceOrientations_iPhone = "UIInterfaceOrientationPortrait UIInterfaceOrientationLandscapeLeft UIInterfaceOrientationLandscapeRight";
				IPHONEOS_DEPLOYMENT_TARGET = 15.4;
				LD_RUNPATH_SEARCH_PATHS = (
					"$(inherited)",
					"@executable_path/Frameworks",
				);
				MARKETING_VERSION = 1.0;
				PRODUCT_BUNDLE_IDENTIFIER = vl.WeatherSwiftUIFinal;
				PRODUCT_NAME = "$(TARGET_NAME)";
				SWIFT_EMIT_LOC_STRINGS = YES;
				SWIFT_VERSION = 5.0;
				TARGETED_DEVICE_FAMILY = "1,2";
			};
			name = Debug;
		};
		042DCE1D2B5E6C1300E9D4E6 /* Release */ = {
			isa = XCBuildConfiguration;
			buildSettings = {
				ASSETCATALOG_COMPILER_APPICON_NAME = AppIcon;
				ASSETCATALOG_COMPILER_GLOBAL_ACCENT_COLOR_NAME = AccentColor;
				CODE_SIGN_STYLE = Automatic;
				CURRENT_PROJECT_VERSION = 1;
				DEVELOPMENT_ASSET_PATHS = "\"WeatherSwiftUIFinal/Preview Content\"";
				DEVELOPMENT_TEAM = JRDBP78BQJ;
				ENABLE_PREVIEWS = YES;
				GENERATE_INFOPLIST_FILE = YES;
				INFOPLIST_KEY_UIApplicationSceneManifest_Generation = YES;
				INFOPLIST_KEY_UIApplicationSupportsIndirectInputEvents = YES;
				INFOPLIST_KEY_UILaunchScreen_Generation = YES;
				INFOPLIST_KEY_UISupportedInterfaceOrientations_iPad = "UIInterfaceOrientationPortrait UIInterfaceOrientationPortraitUpsideDown UIInterfaceOrientationLandscapeLeft UIInterfaceOrientationLandscapeRight";
				INFOPLIST_KEY_UISupportedInterfaceOrientations_iPhone = "UIInterfaceOrientationPortrait UIInterfaceOrientationLandscapeLeft UIInterfaceOrientationLandscapeRight";
				IPHONEOS_DEPLOYMENT_TARGET = 15.4;
				LD_RUNPATH_SEARCH_PATHS = (
					"$(inherited)",
					"@executable_path/Frameworks",
				);
				MARKETING_VERSION = 1.0;
				PRODUCT_BUNDLE_IDENTIFIER = vl.WeatherSwiftUIFinal;
				PRODUCT_NAME = "$(TARGET_NAME)";
				SWIFT_EMIT_LOC_STRINGS = YES;
				SWIFT_VERSION = 5.0;
				TARGETED_DEVICE_FAMILY = "1,2";
			};
			name = Release;
		};
/* End XCBuildConfiguration section */

/* Begin XCConfigurationList section */
		042DCE082B5E6C1000E9D4E6 /* Build configuration list for PBXProject "WeatherSwiftUIFinal" */ = {
			isa = XCConfigurationList;
			buildConfigurations = (
				042DCE192B5E6C1300E9D4E6 /* Debug */,
				042DCE1A2B5E6C1300E9D4E6 /* Release */,
			);
			defaultConfigurationIsVisible = 0;
			defaultConfigurationName = Release;
		};
		042DCE1B2B5E6C1300E9D4E6 /* Build configuration list for PBXNativeTarget "WeatherSwiftUIFinal" */ = {
			isa = XCConfigurationList;
			buildConfigurations = (
				042DCE1C2B5E6C1300E9D4E6 /* Debug */,
				042DCE1D2B5E6C1300E9D4E6 /* Release */,
			);
			defaultConfigurationIsVisible = 0;
			defaultConfigurationName = Release;
		};
/* End XCConfigurationList section */
	};
	rootObject = 042DCE052B5E6C1000E9D4E6 /* Project object */;
}
